
Microsoft Visual Studio Solution File, Format Version 12.00
# Visual Studio Version 17
VisualStudioVersion = 17.12.35707.178
MinimumVisualStudioVersion = 10.0.40219.1
Project("{2150E333-8FDC-42A3-9474-1A3956D46DE8}") = "Lesson_02", "Lesson_02", "{5C6AEC1A-6CFF-40EA-9EA1-26FE7C3A4990}"
EndProject
Project("{FAE04EC0-301F-11D3-BF4B-00C04F79EFBC}") = "Task_02_01", "Task_02_01\Task_02_01.csproj", "{5A39705A-C3AB-4753-877D-4903634511E0}"
EndProject
Project("{FAE04EC0-301F-11D3-BF4B-00C04F79EFBC}") = "Task_02_02", "Task_02_02\Task_02_02.csproj", "{A62121D5-F69B-4AF6-9745-4D25E2073497}"
EndProject
Project("{FAE04EC0-301F-11D3-BF4B-00C04F79EFBC}") = "Task_02_04", "Task_02_04\Task_02_04.csproj", "{936589A5-2F95-49A6-B005-6014B8D4234E}"
EndProject
Project("{2150E333-8FDC-42A3-9474-1A3956D46DE8}") = "Lesson_03", "Lesson_03", "{4C39A121-A402-4AC5-9FEE-6BC7CA4740CC}"
EndProject
Project("{FAE04EC0-301F-11D3-BF4B-00C04F79EFBC}") = "Task_03_04", "Task_03_04\Task_03_04.csproj", "{FFE52E3A-1605-4FF1-B0AE-58C2E892036F}"
EndProject
Project("{FAE04EC0-301F-11D3-BF4B-00C04F79EFBC}") = "Task_03_05", "Task_03_05\Task_03_05.csproj", "{F078EA5F-0B6B-44EF-8ED9-2A921075A6D0}"
EndProject
Project("{FAE04EC0-301F-11D3-BF4B-00C04F79EFBC}") = "Task_03_06", "Task_03_06\Task_03_06.csproj", "{49098579-7A18-4FDB-AA02-B534F1EBF061}"
EndProject
Project("{FAE04EC0-301F-11D3-BF4B-00C04F79EFBC}") = "Task_03_07", "Task_03_07\Task_03_07.csproj", "{6368F0C4-4878-4020-BE7C-8E51D6F92ACE}"
EndProject
Project("{FAE04EC0-301F-11D3-BF4B-00C04F79EFBC}") = "Task_03_08", "Task_03_08\Task_03_08.csproj", "{6DC5E16B-83CE-40B0-84E3-2EDDFE845DAF}"
EndProject
Project("{FAE04EC0-301F-11D3-BF4B-00C04F79EFBC}") = "Task_03_09", "Task_03_09\Task_03_09.csproj", "{55B595AE-4E06-4E35-ABFA-AA0C01B0E5D9}"
EndProject
Project("{2150E333-8FDC-42A3-9474-1A3956D46DE8}") = "Lesson_04", "Lesson_04", "{25A59CC9-684F-4C98-823C-B18512E5883A}"
EndProject
Project("{FAE04EC0-301F-11D3-BF4B-00C04F79EFBC}") = "Task_04_05", "Task_04_05\Task_04_05.csproj", "{9A698573-ACA3-4381-B9E3-EECACA1E7831}"
EndProject
Project("{FAE04EC0-301F-11D3-BF4B-00C04F79EFBC}") = "Task_04_06", "Task_04_06\Task_04_06.csproj", "{87445A59-BDD4-4DEC-8700-BD510E6F45EA}"
EndProject
Project("{FAE04EC0-301F-11D3-BF4B-00C04F79EFBC}") = "Task_04_07", "Task_04_07\Task_04_07.csproj", "{54F5CDDD-849A-4F8E-A24F-B98904942287}"
EndProject
Project("{FAE04EC0-301F-11D3-BF4B-00C04F79EFBC}") = "Task_04_08", "Task_04_08\Task_04_08.csproj", "{8ACB5138-9C07-419E-B920-8BF2D1F8CA60}"
EndProject
Project("{FAE04EC0-301F-11D3-BF4B-00C04F79EFBC}") = "Task_04_09", "Task_04_09\Task_04_09.csproj", "{FE97DEB0-1AF9-4E09-8434-33FA9B9A7EF5}"
EndProject
Project("{FAE04EC0-301F-11D3-BF4B-00C04F79EFBC}") = "Task_04_10", "Task_04_10\Task_04_10.csproj", "{B3DD78C6-05D0-4D5D-A929-53C1ED0FCFF4}"
EndProject
Project("{2150E333-8FDC-42A3-9474-1A3956D46DE8}") = "Lesson_05", "Lesson_05", "{3D055731-F80C-4622-AF99-924B07F560EF}"
EndProject
Project("{FAE04EC0-301F-11D3-BF4B-00C04F79EFBC}") = "Task_05_03", "Task_05_03\Task_05_03.csproj", "{5108CAC9-3124-42B2-99FF-79FF6C9F51EC}"
EndProject
Project("{FAE04EC0-301F-11D3-BF4B-00C04F79EFBC}") = "Task_05_04", "Task_05_04\Task_05_04.csproj", "{9B9257CA-406E-4960-AF10-D3A572ABA8DC}"
EndProject
Project("{FAE04EC0-301F-11D3-BF4B-00C04F79EFBC}") = "Task_05_05", "Task_05_05\Task_05_05.csproj", "{D3C29DB0-5718-4535-8501-D0AC7E58641F}"
EndProject
Project("{FAE04EC0-301F-11D3-BF4B-00C04F79EFBC}") = "Task_05_06", "Task_05_06\Task_05_06.csproj", "{AA61E862-0A8C-4983-8118-BB52924BECC1}"
EndProject
Project("{FAE04EC0-301F-11D3-BF4B-00C04F79EFBC}") = "Task_05_07", "Task_05_07\Task_05_07.csproj", "{005F66FD-1F75-470E-87C6-49A4A3FDA5AE}"
EndProject
Project("{FAE04EC0-301F-11D3-BF4B-00C04F79EFBC}") = "Task_05_08", "Task_05_08\Task_05_08.csproj", "{00B795A1-074D-465B-9FDD-7907B5E3153F}"
EndProject
Project("{FAE04EC0-301F-11D3-BF4B-00C04F79EFBC}") = "Task_05_09", "Task_05_09\Task_05_09.csproj", "{B4620F5D-65A2-4645-B0EF-63830046AE84}"
EndProject
Project("{2150E333-8FDC-42A3-9474-1A3956D46DE8}") = "Lesson_10", "Lesson_10", "{15833A82-A80C-40EA-A91B-95243F082655}"
EndProject
Project("{FAE04EC0-301F-11D3-BF4B-00C04F79EFBC}") = "Task_10_06", "Task_10_06\Task_10_06.csproj", "{ADD3F268-8F13-4901-AD75-B603BEC66D9A}"
EndProject
Project("{FAE04EC0-301F-11D3-BF4B-00C04F79EFBC}") = "Task_10_07", "Task_10_07\Task_10_07.csproj", "{8E6ACA0A-96CB-4C33-8AE6-3E54C44DE50E}"
EndProject
Project("{FAE04EC0-301F-11D3-BF4B-00C04F79EFBC}") = "Task_10_08", "Task_10_08\Task_10_08.csproj", "{334D08DA-1482-4AB2-BF94-CDCD1A24B084}"
EndProject
Project("{2150E333-8FDC-42A3-9474-1A3956D46DE8}") = "Lesson_11", "Lesson_11", "{36D591C7-65C7-A0D1-1CBC-10CDE441BDC8}"
EndProject
Project("{FAE04EC0-301F-11D3-BF4B-00C04F79EFBC}") = "Task_11_01", "Task_11_01\Task_11_01.csproj", "{AEF9ECE5-6C9E-44E5-A3FA-A040D1FDE676}"
EndProject
Project("{FAE04EC0-301F-11D3-BF4B-00C04F79EFBC}") = "Task_11_02", "Task_11_02\Task_11_02.csproj", "{795C5049-CDD0-4692-9ABC-CB855A2CEDAD}"
EndProject
Project("{FAE04EC0-301F-11D3-BF4B-00C04F79EFBC}") = "Task_11_03", "Task_11_03\Task_11_03.csproj", "{6DE166D6-E7F7-41A9-9C38-6C4BC51E7D82}"
EndProject
Project("{FAE04EC0-301F-11D3-BF4B-00C04F79EFBC}") = "Task_11_04", "Task_11_04\Task_11_04.csproj", "{7AA9B818-CE04-499A-A3C1-683738081EBC}"
EndProject
Project("{FAE04EC0-301F-11D3-BF4B-00C04F79EFBC}") = "Task_11_05", "Task_11_05\Task_11_05.csproj", "{31D3058B-4A35-4383-8D20-0DA44FEBA0F9}"
EndProject
Project("{FAE04EC0-301F-11D3-BF4B-00C04F79EFBC}") = "Task_11_06", "Task_11_06\Task_11_06.csproj", "{A20DA318-5EFD-4604-99F6-931A9D0AD401}"
EndProject
Project("{FAE04EC0-301F-11D3-BF4B-00C04F79EFBC}") = "Task_11_07", "Task_11_07\Task_11_07.csproj", "{D04D637A-3C6A-4557-8461-1FE7907483B9}"
EndProject
Project("{FAE04EC0-301F-11D3-BF4B-00C04F79EFBC}") = "Task_11_08", "Task_11_08\Task_11_08.csproj", "{9ECF50D2-A50E-4142-9956-F8D9AA74DFE3}"
EndProject
Project("{2150E333-8FDC-42A3-9474-1A3956D46DE8}") = "Lesson_12", "Lesson_12", "{8EB9DD66-35CD-48D3-B795-E5C36B12F99C}"
EndProject
Project("{FAE04EC0-301F-11D3-BF4B-00C04F79EFBC}") = "Task_12_01", "Task_12_01\Task_12_01.csproj", "{BFE42113-53C6-4B27-92F2-2F78AA781624}"
EndProject
Project("{2150E333-8FDC-42A3-9474-1A3956D46DE8}") = "Lesson_13", "Lesson_13", "{B200B3C0-3166-4A72-BD45-FC8452C9F318}"
EndProject
Project("{FAE04EC0-301F-11D3-BF4B-00C04F79EFBC}") = "Task_13_02", "Task_13_02\Task_13_02.csproj", "{15F6025A-582E-4DA8-B299-E7E9854B8EDF}"
EndProject
Project("{FAE04EC0-301F-11D3-BF4B-00C04F79EFBC}") = "Task_13_03", "Task_13_03\Task_13_03.csproj", "{B488D048-4013-4791-870E-55A9F9075CDD}"
EndProject
Project("{2150E333-8FDC-42A3-9474-1A3956D46DE8}") = "Lesson_14", "Lesson_14", "{28DA34ED-7855-4035-8AD8-90E8F95F106C}"
EndProject
Project("{FAE04EC0-301F-11D3-BF4B-00C04F79EFBC}") = "Task_14_03", "Task_14_03\Task_14_03.csproj", "{10172AF2-D00C-49D4-8BB9-C125383B8E59}"
EndProject
Project("{FAE04EC0-301F-11D3-BF4B-00C04F79EFBC}") = "Task_14_04", "Task_14_04\Task_14_04.csproj", "{9B81BA71-A224-40CD-BBB6-F4EC52E0E6BE}"
EndProject
Project("{2150E333-8FDC-42A3-9474-1A3956D46DE8}") = "Lesson_20", "Lesson_20", "{46B9D2CD-AD27-415C-A975-FC0258E23F7E}"
EndProject
Project("{FAE04EC0-301F-11D3-BF4B-00C04F79EFBC}") = "Task_20_03", "Task_20_03\Task_20_03.csproj", "{0449A2B2-59EA-4D10-A1EB-34BB7C9B7078}"
EndProject
Project("{2150E333-8FDC-42A3-9474-1A3956D46DE8}") = "Lesson_19", "Lesson_19", "{DBC74A47-A987-4674-AFAD-8BFFB2C35906}"
EndProject
Project("{FAE04EC0-301F-11D3-BF4B-00C04F79EFBC}") = "Task_19_01", "Task_19_01\Task_19_01.csproj", "{0A14F630-81FA-48E3-9F79-DC1522C076F6}"
EndProject
Project("{FAE04EC0-301F-11D3-BF4B-00C04F79EFBC}") = "Task_19_02", "Task_19_02\Task_19_02.csproj", "{4C48FA6B-EC4C-4B05-905D-0E9173CA7A78}"
EndProject
Project("{FAE04EC0-301F-11D3-BF4B-00C04F79EFBC}") = "Task_19_03", "Task_19_03\Task_19_03.csproj", "{F792C7E8-1214-4ACE-B9B2-602D34F710D2}"
EndProject
Project("{FAE04EC0-301F-11D3-BF4B-00C04F79EFBC}") = "Task_20_04", "Task_20_04\Task_20_04.csproj", "{1207AC6C-D8E9-4F62-8FE5-3868C32F3407}"
EndProject
Project("{FAE04EC0-301F-11D3-BF4B-00C04F79EFBC}") = "Task_20_05", "Task_20_05\Task_20_05.csproj", "{639537DA-FE0B-49E0-BBB2-E055A50FBAC6}"
EndProject
Project("{FAE04EC0-301F-11D3-BF4B-00C04F79EFBC}") = "Task_20_06", "Task_20_06\Task_20_06.csproj", "{C6669381-B533-4031-BB1D-1E50C13380DA}"
EndProject
Global
	GlobalSection(SolutionConfigurationPlatforms) = preSolution
		Debug|Any CPU = Debug|Any CPU
		Release|Any CPU = Release|Any CPU
	EndGlobalSection
	GlobalSection(ProjectConfigurationPlatforms) = postSolution
		{5A39705A-C3AB-4753-877D-4903634511E0}.Debug|Any CPU.ActiveCfg = Debug|Any CPU
		{5A39705A-C3AB-4753-877D-4903634511E0}.Debug|Any CPU.Build.0 = Debug|Any CPU
		{5A39705A-C3AB-4753-877D-4903634511E0}.Release|Any CPU.ActiveCfg = Release|Any CPU
		{5A39705A-C3AB-4753-877D-4903634511E0}.Release|Any CPU.Build.0 = Release|Any CPU
		{A62121D5-F69B-4AF6-9745-4D25E2073497}.Debug|Any CPU.ActiveCfg = Debug|Any CPU
		{A62121D5-F69B-4AF6-9745-4D25E2073497}.Debug|Any CPU.Build.0 = Debug|Any CPU
		{A62121D5-F69B-4AF6-9745-4D25E2073497}.Release|Any CPU.ActiveCfg = Release|Any CPU
		{A62121D5-F69B-4AF6-9745-4D25E2073497}.Release|Any CPU.Build.0 = Release|Any CPU
		{936589A5-2F95-49A6-B005-6014B8D4234E}.Debug|Any CPU.ActiveCfg = Debug|Any CPU
		{936589A5-2F95-49A6-B005-6014B8D4234E}.Debug|Any CPU.Build.0 = Debug|Any CPU
		{936589A5-2F95-49A6-B005-6014B8D4234E}.Release|Any CPU.ActiveCfg = Release|Any CPU
		{936589A5-2F95-49A6-B005-6014B8D4234E}.Release|Any CPU.Build.0 = Release|Any CPU
		{FFE52E3A-1605-4FF1-B0AE-58C2E892036F}.Debug|Any CPU.ActiveCfg = Debug|Any CPU
		{FFE52E3A-1605-4FF1-B0AE-58C2E892036F}.Debug|Any CPU.Build.0 = Debug|Any CPU
		{FFE52E3A-1605-4FF1-B0AE-58C2E892036F}.Release|Any CPU.ActiveCfg = Release|Any CPU
		{FFE52E3A-1605-4FF1-B0AE-58C2E892036F}.Release|Any CPU.Build.0 = Release|Any CPU
		{F078EA5F-0B6B-44EF-8ED9-2A921075A6D0}.Debug|Any CPU.ActiveCfg = Debug|Any CPU
		{F078EA5F-0B6B-44EF-8ED9-2A921075A6D0}.Debug|Any CPU.Build.0 = Debug|Any CPU
		{F078EA5F-0B6B-44EF-8ED9-2A921075A6D0}.Release|Any CPU.ActiveCfg = Release|Any CPU
		{F078EA5F-0B6B-44EF-8ED9-2A921075A6D0}.Release|Any CPU.Build.0 = Release|Any CPU
		{49098579-7A18-4FDB-AA02-B534F1EBF061}.Debug|Any CPU.ActiveCfg = Debug|Any CPU
		{49098579-7A18-4FDB-AA02-B534F1EBF061}.Debug|Any CPU.Build.0 = Debug|Any CPU
		{49098579-7A18-4FDB-AA02-B534F1EBF061}.Release|Any CPU.ActiveCfg = Release|Any CPU
		{49098579-7A18-4FDB-AA02-B534F1EBF061}.Release|Any CPU.Build.0 = Release|Any CPU
		{6368F0C4-4878-4020-BE7C-8E51D6F92ACE}.Debug|Any CPU.ActiveCfg = Debug|Any CPU
		{6368F0C4-4878-4020-BE7C-8E51D6F92ACE}.Debug|Any CPU.Build.0 = Debug|Any CPU
		{6368F0C4-4878-4020-BE7C-8E51D6F92ACE}.Release|Any CPU.ActiveCfg = Release|Any CPU
		{6368F0C4-4878-4020-BE7C-8E51D6F92ACE}.Release|Any CPU.Build.0 = Release|Any CPU
		{6DC5E16B-83CE-40B0-84E3-2EDDFE845DAF}.Debug|Any CPU.ActiveCfg = Debug|Any CPU
		{6DC5E16B-83CE-40B0-84E3-2EDDFE845DAF}.Debug|Any CPU.Build.0 = Debug|Any CPU
		{6DC5E16B-83CE-40B0-84E3-2EDDFE845DAF}.Release|Any CPU.ActiveCfg = Release|Any CPU
		{6DC5E16B-83CE-40B0-84E3-2EDDFE845DAF}.Release|Any CPU.Build.0 = Release|Any CPU
		{55B595AE-4E06-4E35-ABFA-AA0C01B0E5D9}.Debug|Any CPU.ActiveCfg = Debug|Any CPU
		{55B595AE-4E06-4E35-ABFA-AA0C01B0E5D9}.Debug|Any CPU.Build.0 = Debug|Any CPU
		{55B595AE-4E06-4E35-ABFA-AA0C01B0E5D9}.Release|Any CPU.ActiveCfg = Release|Any CPU
		{55B595AE-4E06-4E35-ABFA-AA0C01B0E5D9}.Release|Any CPU.Build.0 = Release|Any CPU
		{9A698573-ACA3-4381-B9E3-EECACA1E7831}.Debug|Any CPU.ActiveCfg = Debug|Any CPU
		{9A698573-ACA3-4381-B9E3-EECACA1E7831}.Debug|Any CPU.Build.0 = Debug|Any CPU
		{9A698573-ACA3-4381-B9E3-EECACA1E7831}.Release|Any CPU.ActiveCfg = Release|Any CPU
		{9A698573-ACA3-4381-B9E3-EECACA1E7831}.Release|Any CPU.Build.0 = Release|Any CPU
		{87445A59-BDD4-4DEC-8700-BD510E6F45EA}.Debug|Any CPU.ActiveCfg = Debug|Any CPU
		{87445A59-BDD4-4DEC-8700-BD510E6F45EA}.Debug|Any CPU.Build.0 = Debug|Any CPU
		{87445A59-BDD4-4DEC-8700-BD510E6F45EA}.Release|Any CPU.ActiveCfg = Release|Any CPU
		{87445A59-BDD4-4DEC-8700-BD510E6F45EA}.Release|Any CPU.Build.0 = Release|Any CPU
		{54F5CDDD-849A-4F8E-A24F-B98904942287}.Debug|Any CPU.ActiveCfg = Debug|Any CPU
		{54F5CDDD-849A-4F8E-A24F-B98904942287}.Debug|Any CPU.Build.0 = Debug|Any CPU
		{54F5CDDD-849A-4F8E-A24F-B98904942287}.Release|Any CPU.ActiveCfg = Release|Any CPU
		{54F5CDDD-849A-4F8E-A24F-B98904942287}.Release|Any CPU.Build.0 = Release|Any CPU
		{8ACB5138-9C07-419E-B920-8BF2D1F8CA60}.Debug|Any CPU.ActiveCfg = Debug|Any CPU
		{8ACB5138-9C07-419E-B920-8BF2D1F8CA60}.Debug|Any CPU.Build.0 = Debug|Any CPU
		{8ACB5138-9C07-419E-B920-8BF2D1F8CA60}.Release|Any CPU.ActiveCfg = Release|Any CPU
		{8ACB5138-9C07-419E-B920-8BF2D1F8CA60}.Release|Any CPU.Build.0 = Release|Any CPU
		{FE97DEB0-1AF9-4E09-8434-33FA9B9A7EF5}.Debug|Any CPU.ActiveCfg = Debug|Any CPU
		{FE97DEB0-1AF9-4E09-8434-33FA9B9A7EF5}.Debug|Any CPU.Build.0 = Debug|Any CPU
		{FE97DEB0-1AF9-4E09-8434-33FA9B9A7EF5}.Release|Any CPU.ActiveCfg = Release|Any CPU
		{FE97DEB0-1AF9-4E09-8434-33FA9B9A7EF5}.Release|Any CPU.Build.0 = Release|Any CPU
		{B3DD78C6-05D0-4D5D-A929-53C1ED0FCFF4}.Debug|Any CPU.ActiveCfg = Debug|Any CPU
		{B3DD78C6-05D0-4D5D-A929-53C1ED0FCFF4}.Debug|Any CPU.Build.0 = Debug|Any CPU
		{B3DD78C6-05D0-4D5D-A929-53C1ED0FCFF4}.Release|Any CPU.ActiveCfg = Release|Any CPU
		{B3DD78C6-05D0-4D5D-A929-53C1ED0FCFF4}.Release|Any CPU.Build.0 = Release|Any CPU
		{5108CAC9-3124-42B2-99FF-79FF6C9F51EC}.Debug|Any CPU.ActiveCfg = Debug|Any CPU
		{5108CAC9-3124-42B2-99FF-79FF6C9F51EC}.Debug|Any CPU.Build.0 = Debug|Any CPU
		{5108CAC9-3124-42B2-99FF-79FF6C9F51EC}.Release|Any CPU.ActiveCfg = Release|Any CPU
		{5108CAC9-3124-42B2-99FF-79FF6C9F51EC}.Release|Any CPU.Build.0 = Release|Any CPU
		{9B9257CA-406E-4960-AF10-D3A572ABA8DC}.Debug|Any CPU.ActiveCfg = Debug|Any CPU
		{9B9257CA-406E-4960-AF10-D3A572ABA8DC}.Debug|Any CPU.Build.0 = Debug|Any CPU
		{9B9257CA-406E-4960-AF10-D3A572ABA8DC}.Release|Any CPU.ActiveCfg = Release|Any CPU
		{9B9257CA-406E-4960-AF10-D3A572ABA8DC}.Release|Any CPU.Build.0 = Release|Any CPU
		{D3C29DB0-5718-4535-8501-D0AC7E58641F}.Debug|Any CPU.ActiveCfg = Debug|Any CPU
		{D3C29DB0-5718-4535-8501-D0AC7E58641F}.Debug|Any CPU.Build.0 = Debug|Any CPU
		{D3C29DB0-5718-4535-8501-D0AC7E58641F}.Release|Any CPU.ActiveCfg = Release|Any CPU
		{D3C29DB0-5718-4535-8501-D0AC7E58641F}.Release|Any CPU.Build.0 = Release|Any CPU
		{AA61E862-0A8C-4983-8118-BB52924BECC1}.Debug|Any CPU.ActiveCfg = Debug|Any CPU
		{AA61E862-0A8C-4983-8118-BB52924BECC1}.Debug|Any CPU.Build.0 = Debug|Any CPU
		{AA61E862-0A8C-4983-8118-BB52924BECC1}.Release|Any CPU.ActiveCfg = Release|Any CPU
		{AA61E862-0A8C-4983-8118-BB52924BECC1}.Release|Any CPU.Build.0 = Release|Any CPU
		{005F66FD-1F75-470E-87C6-49A4A3FDA5AE}.Debug|Any CPU.ActiveCfg = Debug|Any CPU
		{005F66FD-1F75-470E-87C6-49A4A3FDA5AE}.Debug|Any CPU.Build.0 = Debug|Any CPU
		{005F66FD-1F75-470E-87C6-49A4A3FDA5AE}.Release|Any CPU.ActiveCfg = Release|Any CPU
		{005F66FD-1F75-470E-87C6-49A4A3FDA5AE}.Release|Any CPU.Build.0 = Release|Any CPU
		{00B795A1-074D-465B-9FDD-7907B5E3153F}.Debug|Any CPU.ActiveCfg = Debug|Any CPU
		{00B795A1-074D-465B-9FDD-7907B5E3153F}.Debug|Any CPU.Build.0 = Debug|Any CPU
		{00B795A1-074D-465B-9FDD-7907B5E3153F}.Release|Any CPU.ActiveCfg = Release|Any CPU
		{00B795A1-074D-465B-9FDD-7907B5E3153F}.Release|Any CPU.Build.0 = Release|Any CPU
		{B4620F5D-65A2-4645-B0EF-63830046AE84}.Debug|Any CPU.ActiveCfg = Debug|Any CPU
		{B4620F5D-65A2-4645-B0EF-63830046AE84}.Debug|Any CPU.Build.0 = Debug|Any CPU
		{B4620F5D-65A2-4645-B0EF-63830046AE84}.Release|Any CPU.ActiveCfg = Release|Any CPU
		{B4620F5D-65A2-4645-B0EF-63830046AE84}.Release|Any CPU.Build.0 = Release|Any CPU
		{ADD3F268-8F13-4901-AD75-B603BEC66D9A}.Debug|Any CPU.ActiveCfg = Debug|Any CPU
		{ADD3F268-8F13-4901-AD75-B603BEC66D9A}.Debug|Any CPU.Build.0 = Debug|Any CPU
		{ADD3F268-8F13-4901-AD75-B603BEC66D9A}.Release|Any CPU.ActiveCfg = Release|Any CPU
		{ADD3F268-8F13-4901-AD75-B603BEC66D9A}.Release|Any CPU.Build.0 = Release|Any CPU
		{8E6ACA0A-96CB-4C33-8AE6-3E54C44DE50E}.Debug|Any CPU.ActiveCfg = Debug|Any CPU
		{8E6ACA0A-96CB-4C33-8AE6-3E54C44DE50E}.Debug|Any CPU.Build.0 = Debug|Any CPU
		{8E6ACA0A-96CB-4C33-8AE6-3E54C44DE50E}.Release|Any CPU.ActiveCfg = Release|Any CPU
		{8E6ACA0A-96CB-4C33-8AE6-3E54C44DE50E}.Release|Any CPU.Build.0 = Release|Any CPU
		{334D08DA-1482-4AB2-BF94-CDCD1A24B084}.Debug|Any CPU.ActiveCfg = Debug|Any CPU
		{334D08DA-1482-4AB2-BF94-CDCD1A24B084}.Debug|Any CPU.Build.0 = Debug|Any CPU
		{334D08DA-1482-4AB2-BF94-CDCD1A24B084}.Release|Any CPU.ActiveCfg = Release|Any CPU
		{334D08DA-1482-4AB2-BF94-CDCD1A24B084}.Release|Any CPU.Build.0 = Release|Any CPU
		{AEF9ECE5-6C9E-44E5-A3FA-A040D1FDE676}.Debug|Any CPU.ActiveCfg = Debug|Any CPU
		{AEF9ECE5-6C9E-44E5-A3FA-A040D1FDE676}.Debug|Any CPU.Build.0 = Debug|Any CPU
		{AEF9ECE5-6C9E-44E5-A3FA-A040D1FDE676}.Release|Any CPU.ActiveCfg = Release|Any CPU
		{AEF9ECE5-6C9E-44E5-A3FA-A040D1FDE676}.Release|Any CPU.Build.0 = Release|Any CPU
		{795C5049-CDD0-4692-9ABC-CB855A2CEDAD}.Debug|Any CPU.ActiveCfg = Debug|Any CPU
		{795C5049-CDD0-4692-9ABC-CB855A2CEDAD}.Debug|Any CPU.Build.0 = Debug|Any CPU
		{795C5049-CDD0-4692-9ABC-CB855A2CEDAD}.Release|Any CPU.ActiveCfg = Release|Any CPU
		{795C5049-CDD0-4692-9ABC-CB855A2CEDAD}.Release|Any CPU.Build.0 = Release|Any CPU
		{6DE166D6-E7F7-41A9-9C38-6C4BC51E7D82}.Debug|Any CPU.ActiveCfg = Debug|Any CPU
		{6DE166D6-E7F7-41A9-9C38-6C4BC51E7D82}.Debug|Any CPU.Build.0 = Debug|Any CPU
		{6DE166D6-E7F7-41A9-9C38-6C4BC51E7D82}.Release|Any CPU.ActiveCfg = Release|Any CPU
		{6DE166D6-E7F7-41A9-9C38-6C4BC51E7D82}.Release|Any CPU.Build.0 = Release|Any CPU
		{7AA9B818-CE04-499A-A3C1-683738081EBC}.Debug|Any CPU.ActiveCfg = Debug|Any CPU
		{7AA9B818-CE04-499A-A3C1-683738081EBC}.Debug|Any CPU.Build.0 = Debug|Any CPU
		{7AA9B818-CE04-499A-A3C1-683738081EBC}.Release|Any CPU.ActiveCfg = Release|Any CPU
		{7AA9B818-CE04-499A-A3C1-683738081EBC}.Release|Any CPU.Build.0 = Release|Any CPU
		{31D3058B-4A35-4383-8D20-0DA44FEBA0F9}.Debug|Any CPU.ActiveCfg = Debug|Any CPU
		{31D3058B-4A35-4383-8D20-0DA44FEBA0F9}.Debug|Any CPU.Build.0 = Debug|Any CPU
		{31D3058B-4A35-4383-8D20-0DA44FEBA0F9}.Release|Any CPU.ActiveCfg = Release|Any CPU
		{31D3058B-4A35-4383-8D20-0DA44FEBA0F9}.Release|Any CPU.Build.0 = Release|Any CPU
		{A20DA318-5EFD-4604-99F6-931A9D0AD401}.Debug|Any CPU.ActiveCfg = Debug|Any CPU
		{A20DA318-5EFD-4604-99F6-931A9D0AD401}.Debug|Any CPU.Build.0 = Debug|Any CPU
		{A20DA318-5EFD-4604-99F6-931A9D0AD401}.Release|Any CPU.ActiveCfg = Release|Any CPU
		{A20DA318-5EFD-4604-99F6-931A9D0AD401}.Release|Any CPU.Build.0 = Release|Any CPU
		{D04D637A-3C6A-4557-8461-1FE7907483B9}.Debug|Any CPU.ActiveCfg = Debug|Any CPU
		{D04D637A-3C6A-4557-8461-1FE7907483B9}.Debug|Any CPU.Build.0 = Debug|Any CPU
		{D04D637A-3C6A-4557-8461-1FE7907483B9}.Release|Any CPU.ActiveCfg = Release|Any CPU
		{D04D637A-3C6A-4557-8461-1FE7907483B9}.Release|Any CPU.Build.0 = Release|Any CPU
		{9ECF50D2-A50E-4142-9956-F8D9AA74DFE3}.Debug|Any CPU.ActiveCfg = Debug|Any CPU
		{9ECF50D2-A50E-4142-9956-F8D9AA74DFE3}.Debug|Any CPU.Build.0 = Debug|Any CPU
		{9ECF50D2-A50E-4142-9956-F8D9AA74DFE3}.Release|Any CPU.ActiveCfg = Release|Any CPU
		{9ECF50D2-A50E-4142-9956-F8D9AA74DFE3}.Release|Any CPU.Build.0 = Release|Any CPU
		{BFE42113-53C6-4B27-92F2-2F78AA781624}.Debug|Any CPU.ActiveCfg = Debug|Any CPU
		{BFE42113-53C6-4B27-92F2-2F78AA781624}.Debug|Any CPU.Build.0 = Debug|Any CPU
		{BFE42113-53C6-4B27-92F2-2F78AA781624}.Release|Any CPU.ActiveCfg = Release|Any CPU
		{BFE42113-53C6-4B27-92F2-2F78AA781624}.Release|Any CPU.Build.0 = Release|Any CPU
		{15F6025A-582E-4DA8-B299-E7E9854B8EDF}.Debug|Any CPU.ActiveCfg = Debug|Any CPU
		{15F6025A-582E-4DA8-B299-E7E9854B8EDF}.Debug|Any CPU.Build.0 = Debug|Any CPU
		{15F6025A-582E-4DA8-B299-E7E9854B8EDF}.Release|Any CPU.ActiveCfg = Release|Any CPU
		{15F6025A-582E-4DA8-B299-E7E9854B8EDF}.Release|Any CPU.Build.0 = Release|Any CPU
		{B488D048-4013-4791-870E-55A9F9075CDD}.Debug|Any CPU.ActiveCfg = Debug|Any CPU
		{B488D048-4013-4791-870E-55A9F9075CDD}.Debug|Any CPU.Build.0 = Debug|Any CPU
		{B488D048-4013-4791-870E-55A9F9075CDD}.Release|Any CPU.ActiveCfg = Release|Any CPU
		{B488D048-4013-4791-870E-55A9F9075CDD}.Release|Any CPU.Build.0 = Release|Any CPU
		{10172AF2-D00C-49D4-8BB9-C125383B8E59}.Debug|Any CPU.ActiveCfg = Debug|Any CPU
		{10172AF2-D00C-49D4-8BB9-C125383B8E59}.Debug|Any CPU.Build.0 = Debug|Any CPU
		{10172AF2-D00C-49D4-8BB9-C125383B8E59}.Release|Any CPU.ActiveCfg = Release|Any CPU
		{10172AF2-D00C-49D4-8BB9-C125383B8E59}.Release|Any CPU.Build.0 = Release|Any CPU
		{9B81BA71-A224-40CD-BBB6-F4EC52E0E6BE}.Debug|Any CPU.ActiveCfg = Debug|Any CPU
		{9B81BA71-A224-40CD-BBB6-F4EC52E0E6BE}.Debug|Any CPU.Build.0 = Debug|Any CPU
		{9B81BA71-A224-40CD-BBB6-F4EC52E0E6BE}.Release|Any CPU.ActiveCfg = Release|Any CPU
		{9B81BA71-A224-40CD-BBB6-F4EC52E0E6BE}.Release|Any CPU.Build.0 = Release|Any CPU
		{0449A2B2-59EA-4D10-A1EB-34BB7C9B7078}.Debug|Any CPU.ActiveCfg = Debug|Any CPU
		{0449A2B2-59EA-4D10-A1EB-34BB7C9B7078}.Debug|Any CPU.Build.0 = Debug|Any CPU
		{0449A2B2-59EA-4D10-A1EB-34BB7C9B7078}.Release|Any CPU.ActiveCfg = Release|Any CPU
		{0449A2B2-59EA-4D10-A1EB-34BB7C9B7078}.Release|Any CPU.Build.0 = Release|Any CPU
		{0A14F630-81FA-48E3-9F79-DC1522C076F6}.Debug|Any CPU.ActiveCfg = Debug|Any CPU
		{0A14F630-81FA-48E3-9F79-DC1522C076F6}.Debug|Any CPU.Build.0 = Debug|Any CPU
		{0A14F630-81FA-48E3-9F79-DC1522C076F6}.Release|Any CPU.ActiveCfg = Release|Any CPU
		{0A14F630-81FA-48E3-9F79-DC1522C076F6}.Release|Any CPU.Build.0 = Release|Any CPU
		{4C48FA6B-EC4C-4B05-905D-0E9173CA7A78}.Debug|Any CPU.ActiveCfg = Debug|Any CPU
		{4C48FA6B-EC4C-4B05-905D-0E9173CA7A78}.Debug|Any CPU.Build.0 = Debug|Any CPU
		{4C48FA6B-EC4C-4B05-905D-0E9173CA7A78}.Release|Any CPU.ActiveCfg = Release|Any CPU
		{4C48FA6B-EC4C-4B05-905D-0E9173CA7A78}.Release|Any CPU.Build.0 = Release|Any CPU
		{F792C7E8-1214-4ACE-B9B2-602D34F710D2}.Debug|Any CPU.ActiveCfg = Debug|Any CPU
		{F792C7E8-1214-4ACE-B9B2-602D34F710D2}.Debug|Any CPU.Build.0 = Debug|Any CPU
		{F792C7E8-1214-4ACE-B9B2-602D34F710D2}.Release|Any CPU.ActiveCfg = Release|Any CPU
		{F792C7E8-1214-4ACE-B9B2-602D34F710D2}.Release|Any CPU.Build.0 = Release|Any CPU
		{1207AC6C-D8E9-4F62-8FE5-3868C32F3407}.Debug|Any CPU.ActiveCfg = Debug|Any CPU
		{1207AC6C-D8E9-4F62-8FE5-3868C32F3407}.Debug|Any CPU.Build.0 = Debug|Any CPU
		{1207AC6C-D8E9-4F62-8FE5-3868C32F3407}.Release|Any CPU.ActiveCfg = Release|Any CPU
		{1207AC6C-D8E9-4F62-8FE5-3868C32F3407}.Release|Any CPU.Build.0 = Release|Any CPU
		{639537DA-FE0B-49E0-BBB2-E055A50FBAC6}.Debug|Any CPU.ActiveCfg = Debug|Any CPU
		{639537DA-FE0B-49E0-BBB2-E055A50FBAC6}.Debug|Any CPU.Build.0 = Debug|Any CPU
		{639537DA-FE0B-49E0-BBB2-E055A50FBAC6}.Release|Any CPU.ActiveCfg = Release|Any CPU
		{639537DA-FE0B-49E0-BBB2-E055A50FBAC6}.Release|Any CPU.Build.0 = Release|Any CPU
		{C6669381-B533-4031-BB1D-1E50C13380DA}.Debug|Any CPU.ActiveCfg = Debug|Any CPU
		{C6669381-B533-4031-BB1D-1E50C13380DA}.Debug|Any CPU.Build.0 = Debug|Any CPU
		{C6669381-B533-4031-BB1D-1E50C13380DA}.Release|Any CPU.ActiveCfg = Release|Any CPU
		{C6669381-B533-4031-BB1D-1E50C13380DA}.Release|Any CPU.Build.0 = Release|Any CPU
	EndGlobalSection
	GlobalSection(SolutionProperties) = preSolution
		HideSolutionNode = FALSE
	EndGlobalSection
	GlobalSection(NestedProjects) = preSolution
		{5A39705A-C3AB-4753-877D-4903634511E0} = {5C6AEC1A-6CFF-40EA-9EA1-26FE7C3A4990}
		{A62121D5-F69B-4AF6-9745-4D25E2073497} = {5C6AEC1A-6CFF-40EA-9EA1-26FE7C3A4990}
		{936589A5-2F95-49A6-B005-6014B8D4234E} = {5C6AEC1A-6CFF-40EA-9EA1-26FE7C3A4990}
		{FFE52E3A-1605-4FF1-B0AE-58C2E892036F} = {4C39A121-A402-4AC5-9FEE-6BC7CA4740CC}
		{F078EA5F-0B6B-44EF-8ED9-2A921075A6D0} = {4C39A121-A402-4AC5-9FEE-6BC7CA4740CC}
		{49098579-7A18-4FDB-AA02-B534F1EBF061} = {4C39A121-A402-4AC5-9FEE-6BC7CA4740CC}
		{6368F0C4-4878-4020-BE7C-8E51D6F92ACE} = {4C39A121-A402-4AC5-9FEE-6BC7CA4740CC}
		{6DC5E16B-83CE-40B0-84E3-2EDDFE845DAF} = {4C39A121-A402-4AC5-9FEE-6BC7CA4740CC}
		{55B595AE-4E06-4E35-ABFA-AA0C01B0E5D9} = {4C39A121-A402-4AC5-9FEE-6BC7CA4740CC}
		{9A698573-ACA3-4381-B9E3-EECACA1E7831} = {25A59CC9-684F-4C98-823C-B18512E5883A}
		{87445A59-BDD4-4DEC-8700-BD510E6F45EA} = {25A59CC9-684F-4C98-823C-B18512E5883A}
		{54F5CDDD-849A-4F8E-A24F-B98904942287} = {25A59CC9-684F-4C98-823C-B18512E5883A}
		{8ACB5138-9C07-419E-B920-8BF2D1F8CA60} = {25A59CC9-684F-4C98-823C-B18512E5883A}
		{FE97DEB0-1AF9-4E09-8434-33FA9B9A7EF5} = {25A59CC9-684F-4C98-823C-B18512E5883A}
		{B3DD78C6-05D0-4D5D-A929-53C1ED0FCFF4} = {25A59CC9-684F-4C98-823C-B18512E5883A}
		{5108CAC9-3124-42B2-99FF-79FF6C9F51EC} = {3D055731-F80C-4622-AF99-924B07F560EF}
		{9B9257CA-406E-4960-AF10-D3A572ABA8DC} = {3D055731-F80C-4622-AF99-924B07F560EF}
		{D3C29DB0-5718-4535-8501-D0AC7E58641F} = {3D055731-F80C-4622-AF99-924B07F560EF}
		{AA61E862-0A8C-4983-8118-BB52924BECC1} = {3D055731-F80C-4622-AF99-924B07F560EF}
		{005F66FD-1F75-470E-87C6-49A4A3FDA5AE} = {3D055731-F80C-4622-AF99-924B07F560EF}
		{00B795A1-074D-465B-9FDD-7907B5E3153F} = {3D055731-F80C-4622-AF99-924B07F560EF}
		{B4620F5D-65A2-4645-B0EF-63830046AE84} = {3D055731-F80C-4622-AF99-924B07F560EF}
		{ADD3F268-8F13-4901-AD75-B603BEC66D9A} = {15833A82-A80C-40EA-A91B-95243F082655}
		{8E6ACA0A-96CB-4C33-8AE6-3E54C44DE50E} = {15833A82-A80C-40EA-A91B-95243F082655}
		{334D08DA-1482-4AB2-BF94-CDCD1A24B084} = {15833A82-A80C-40EA-A91B-95243F082655}
		{AEF9ECE5-6C9E-44E5-A3FA-A040D1FDE676} = {36D591C7-65C7-A0D1-1CBC-10CDE441BDC8}
		{795C5049-CDD0-4692-9ABC-CB855A2CEDAD} = {36D591C7-65C7-A0D1-1CBC-10CDE441BDC8}
		{6DE166D6-E7F7-41A9-9C38-6C4BC51E7D82} = {36D591C7-65C7-A0D1-1CBC-10CDE441BDC8}
		{7AA9B818-CE04-499A-A3C1-683738081EBC} = {36D591C7-65C7-A0D1-1CBC-10CDE441BDC8}
		{31D3058B-4A35-4383-8D20-0DA44FEBA0F9} = {36D591C7-65C7-A0D1-1CBC-10CDE441BDC8}
		{A20DA318-5EFD-4604-99F6-931A9D0AD401} = {36D591C7-65C7-A0D1-1CBC-10CDE441BDC8}
		{D04D637A-3C6A-4557-8461-1FE7907483B9} = {36D591C7-65C7-A0D1-1CBC-10CDE441BDC8}
		{9ECF50D2-A50E-4142-9956-F8D9AA74DFE3} = {36D591C7-65C7-A0D1-1CBC-10CDE441BDC8}
		{BFE42113-53C6-4B27-92F2-2F78AA781624} = {8EB9DD66-35CD-48D3-B795-E5C36B12F99C}
		{15F6025A-582E-4DA8-B299-E7E9854B8EDF} = {B200B3C0-3166-4A72-BD45-FC8452C9F318}
		{B488D048-4013-4791-870E-55A9F9075CDD} = {B200B3C0-3166-4A72-BD45-FC8452C9F318}
		{10172AF2-D00C-49D4-8BB9-C125383B8E59} = {28DA34ED-7855-4035-8AD8-90E8F95F106C}
		{9B81BA71-A224-40CD-BBB6-F4EC52E0E6BE} = {28DA34ED-7855-4035-8AD8-90E8F95F106C}
		{0449A2B2-59EA-4D10-A1EB-34BB7C9B7078} = {46B9D2CD-AD27-415C-A975-FC0258E23F7E}
		{0A14F630-81FA-48E3-9F79-DC1522C076F6} = {DBC74A47-A987-4674-AFAD-8BFFB2C35906}
		{4C48FA6B-EC4C-4B05-905D-0E9173CA7A78} = {DBC74A47-A987-4674-AFAD-8BFFB2C35906}
		{F792C7E8-1214-4ACE-B9B2-602D34F710D2} = {DBC74A47-A987-4674-AFAD-8BFFB2C35906}
		{1207AC6C-D8E9-4F62-8FE5-3868C32F3407} = {46B9D2CD-AD27-415C-A975-FC0258E23F7E}
		{639537DA-FE0B-49E0-BBB2-E055A50FBAC6} = {46B9D2CD-AD27-415C-A975-FC0258E23F7E}
		{C6669381-B533-4031-BB1D-1E50C13380DA} = {46B9D2CD-AD27-415C-A975-FC0258E23F7E}
	EndGlobalSection
	GlobalSection(ExtensibilityGlobals) = postSolution
		SolutionGuid = {8206EBB3-4848-4F45-9D5D-E3AD27BAB1CE}
	EndGlobalSection
EndGlobal
