
Microsoft Visual Studio Solution File, Format Version 12.00
# Visual Studio Version 17
VisualStudioVersion = 17.12.35707.178 d17.12
MinimumVisualStudioVersion = 10.0.40219.1
Project("{2150E333-8FDC-42A3-9474-1A3956D46DE8}") = "Lesson_02", "Lesson_02", "{5C6AEC1A-6CFF-40EA-9EA1-26FE7C3A4990}"
EndProject
Project("{FAE04EC0-301F-11D3-BF4B-00C04F79EFBC}") = "Task_02_01", "Task_02_01\Task_02_01.csproj", "{5A39705A-C3AB-4753-877D-4903634511E0}"
EndProject
Project("{FAE04EC0-301F-11D3-BF4B-00C04F79EFBC}") = "Task_02_02", "Task_02_02\Task_02_02.csproj", "{A62121D5-F69B-4AF6-9745-4D25E2073497}"
EndProject
Project("{FAE04EC0-301F-11D3-BF4B-00C04F79EFBC}") = "Task_02_04", "Task_02_04\Task_02_04.csproj", "{936589A5-2F95-49A6-B005-6014B8D4234E}"
EndProject
Project("{2150E333-8FDC-42A3-9474-1A3956D46DE8}") = "Lesson_03", "Lesson_03", "{4C39A121-A402-4AC5-9FEE-6BC7CA4740CC}"
EndProject
Project("{FAE04EC0-301F-11D3-BF4B-00C04F79EFBC}") = "Task_03_04", "Task_03_04\Task_03_04.csproj", "{FFE52E3A-1605-4FF1-B0AE-58C2E892036F}"
EndProject
Project("{FAE04EC0-301F-11D3-BF4B-00C04F79EFBC}") = "Task_03_05", "Task_03_05\Task_03_05.csproj", "{F078EA5F-0B6B-44EF-8ED9-2A921075A6D0}"
EndProject
Global
	GlobalSection(SolutionConfigurationPlatforms) = preSolution
		Debug|Any CPU = Debug|Any CPU
		Release|Any CPU = Release|Any CPU
	EndGlobalSection
	GlobalSection(ProjectConfigurationPlatforms) = postSolution
		{5A39705A-C3AB-4753-877D-4903634511E0}.Debug|Any CPU.ActiveCfg = Debug|Any CPU
		{5A39705A-C3AB-4753-877D-4903634511E0}.Debug|Any CPU.Build.0 = Debug|Any CPU
		{5A39705A-C3AB-4753-877D-4903634511E0}.Release|Any CPU.ActiveCfg = Release|Any CPU
		{5A39705A-C3AB-4753-877D-4903634511E0}.Release|Any CPU.Build.0 = Release|Any CPU
		{A62121D5-F69B-4AF6-9745-4D25E2073497}.Debug|Any CPU.ActiveCfg = Debug|Any CPU
		{A62121D5-F69B-4AF6-9745-4D25E2073497}.Debug|Any CPU.Build.0 = Debug|Any CPU
		{A62121D5-F69B-4AF6-9745-4D25E2073497}.Release|Any CPU.ActiveCfg = Release|Any CPU
		{A62121D5-F69B-4AF6-9745-4D25E2073497}.Release|Any CPU.Build.0 = Release|Any CPU
		{936589A5-2F95-49A6-B005-6014B8D4234E}.Debug|Any CPU.ActiveCfg = Debug|Any CPU
		{936589A5-2F95-49A6-B005-6014B8D4234E}.Debug|Any CPU.Build.0 = Debug|Any CPU
		{936589A5-2F95-49A6-B005-6014B8D4234E}.Release|Any CPU.ActiveCfg = Release|Any CPU
		{936589A5-2F95-49A6-B005-6014B8D4234E}.Release|Any CPU.Build.0 = Release|Any CPU
		{FFE52E3A-1605-4FF1-B0AE-58C2E892036F}.Debug|Any CPU.ActiveCfg = Debug|Any CPU
		{FFE52E3A-1605-4FF1-B0AE-58C2E892036F}.Debug|Any CPU.Build.0 = Debug|Any CPU
		{FFE52E3A-1605-4FF1-B0AE-58C2E892036F}.Release|Any CPU.ActiveCfg = Release|Any CPU
		{FFE52E3A-1605-4FF1-B0AE-58C2E892036F}.Release|Any CPU.Build.0 = Release|Any CPU
		{F078EA5F-0B6B-44EF-8ED9-2A921075A6D0}.Debug|Any CPU.ActiveCfg = Debug|Any CPU
		{F078EA5F-0B6B-44EF-8ED9-2A921075A6D0}.Debug|Any CPU.Build.0 = Debug|Any CPU
		{F078EA5F-0B6B-44EF-8ED9-2A921075A6D0}.Release|Any CPU.ActiveCfg = Release|Any CPU
		{F078EA5F-0B6B-44EF-8ED9-2A921075A6D0}.Release|Any CPU.Build.0 = Release|Any CPU
	EndGlobalSection
	GlobalSection(SolutionProperties) = preSolution
		HideSolutionNode = FALSE
	EndGlobalSection
	GlobalSection(NestedProjects) = preSolution
		{5A39705A-C3AB-4753-877D-4903634511E0} = {5C6AEC1A-6CFF-40EA-9EA1-26FE7C3A4990}
		{A62121D5-F69B-4AF6-9745-4D25E2073497} = {5C6AEC1A-6CFF-40EA-9EA1-26FE7C3A4990}
		{936589A5-2F95-49A6-B005-6014B8D4234E} = {5C6AEC1A-6CFF-40EA-9EA1-26FE7C3A4990}
		{FFE52E3A-1605-4FF1-B0AE-58C2E892036F} = {4C39A121-A402-4AC5-9FEE-6BC7CA4740CC}
		{F078EA5F-0B6B-44EF-8ED9-2A921075A6D0} = {4C39A121-A402-4AC5-9FEE-6BC7CA4740CC}
	EndGlobalSection
EndGlobal
